{
  "name": "@deimimi/strawberry",
  "version": "0.8.1",
  "lockfileVersion": 1,
  "requires": true,
  "dependencies": {
    "@mdi/js": {
      "version": "4.2.95",
      "resolved": "https://registry.npmjs.org/@mdi/js/-/js-4.2.95.tgz",
      "integrity": "sha512-3qqOZx2HkrQEUc9fr5MiQWlokwmO8TK5bQZ2EP1Rg0q2Q507jy+fUeL8lb9ko2ossYqoPnugIr7jI0/O7uhlrA=="
    },
    "svelte": {
      "version": "3.9.1",
      "resolved": "https://registry.npmjs.org/svelte/-/svelte-3.9.1.tgz",
      "integrity": "sha512-oy6FjffuCzPueBnzs8SxkV5VaOS+VX/eUywgE9LCA+skKdXt7wFlpKH3DNi1Uy+K23sb9bzlWxn0AaDQOnEUEw==",
      "dev": true
    }
  }
}
