{
  "name": "strawberry",
  "version": "0.1.0",
  "lockfileVersion": 1,
  "requires": true,
  "dependencies": {
    "esm": {
      "version": "3.2.22",
      "resolved": "https://registry.npmjs.org/esm/-/esm-3.2.22.tgz",
      "integrity": "sha512-z8YG7U44L82j1XrdEJcqZOLUnjxco8pO453gKOlaMD1/md1n/5QrscAmYG+oKUspsmDLuBFZrpbxI6aQ67yRxA==",
      "dev": true
    },
    "svelte": {
      "version": "3.1.0",
      "resolved": "https://registry.npmjs.org/svelte/-/svelte-3.1.0.tgz",
      "integrity": "sha512-b5TyzV7Dx1ijN4QPNarhKq5rX98QHDmi18nF0G8KV3d5KX3Jj98Yu4+tzM97ktnXcfoVJmvONvPaX1ZI0mr8Dw==",
      "dev": true
    }
  }
}
